
Microsoft Visual Studio Solution File, Format Version 12.00
# Visual Studio Version 16
VisualStudioVersion = 16.0.29324.140
MinimumVisualStudioVersion = 10.0.40219.1
Project("{FAE04EC0-301F-11D3-BF4B-00C04F79EFBC}") = "Class Diary", "Class Diary\Class Diary.csproj", "{7ECD5ED2-8B0A-43AE-BDFE-9F0B02B454CE}"
EndProject
Global
	GlobalSection(SolutionConfigurationPlatforms) = preSolution
		Debug|Any CPU = Debug|Any CPU
		Release|Any CPU = Release|Any CPU
	EndGlobalSection
	GlobalSection(ProjectConfigurationPlatforms) = postSolution
		{7ECD5ED2-8B0A-43AE-BDFE-9F0B02B454CE}.Debug|Any CPU.ActiveCfg = Debug|Any CPU
		{7ECD5ED2-8B0A-43AE-BDFE-9F0B02B454CE}.Debug|Any CPU.Build.0 = Debug|Any CPU
		{7ECD5ED2-8B0A-43AE-BDFE-9F0B02B454CE}.Release|Any CPU.ActiveCfg = Release|Any CPU
		{7ECD5ED2-8B0A-43AE-BDFE-9F0B02B454CE}.Release|Any CPU.Build.0 = Release|Any CPU
	EndGlobalSection
	GlobalSection(SolutionProperties) = preSolution
		HideSolutionNode = FALSE
	EndGlobalSection
	GlobalSection(ExtensibilityGlobals) = postSolution
		SolutionGuid = {67D28C38-2E9D-44FA-98CC-AD63480D02EA}
	EndGlobalSection
EndGlobal
